// !$*UTF8*$!
{
	archiveVersion = 1;
	classes = {
	};
	objectVersion = 55;
	objects = {

/* Begin PBXBuildFile section */
		6608D09D2799C92500C2B132 /* AppDelegate.swift in Sources */ = {isa = PBXBuildFile; fileRef = 6608D09C2799C92500C2B132 /* AppDelegate.swift */; };
		6608D09F2799C92500C2B132 /* SceneDelegate.swift in Sources */ = {isa = PBXBuildFile; fileRef = 6608D09E2799C92500C2B132 /* SceneDelegate.swift */; };
		6608D0A42799C92500C2B132 /* Main.storyboard in Resources */ = {isa = PBXBuildFile; fileRef = 6608D0A22799C92500C2B132 /* Main.storyboard */; };
		6608D0A62799C92600C2B132 /* Assets.xcassets in Resources */ = {isa = PBXBuildFile; fileRef = 6608D0A52799C92600C2B132 /* Assets.xcassets */; };
		6608D0A92799C92600C2B132 /* LaunchScreen.storyboard in Resources */ = {isa = PBXBuildFile; fileRef = 6608D0A72799C92600C2B132 /* LaunchScreen.storyboard */; };
		6608D0B42799C92600C2B132 /* firstAppTests.swift in Sources */ = {isa = PBXBuildFile; fileRef = 6608D0B32799C92600C2B132 /* firstAppTests.swift */; };
		6608D0BE2799C92600C2B132 /* firstAppUITests.swift in Sources */ = {isa = PBXBuildFile; fileRef = 6608D0BD2799C92600C2B132 /* firstAppUITests.swift */; };
		6608D0C02799C92600C2B132 /* firstAppUITestsLaunchTests.swift in Sources */ = {isa = PBXBuildFile; fileRef = 6608D0BF2799C92600C2B132 /* firstAppUITestsLaunchTests.swift */; };
		6608D0CD279B013000C2B132 /* ControlsViewController.swift in Sources */ = {isa = PBXBuildFile; fileRef = 6608D0CC279B013000C2B132 /* ControlsViewController.swift */; };
		66B0D42527A18CE600155492 /* ResponderViewController.swift in Sources */ = {isa = PBXBuildFile; fileRef = 66B0D42427A18CE600155492 /* ResponderViewController.swift */; };
		66B0D42727A1A2C900155492 /* SimpleTableViewController.swift in Sources */ = {isa = PBXBuildFile; fileRef = 66B0D42627A1A2C900155492 /* SimpleTableViewController.swift */; };
/* End PBXBuildFile section */

/* Begin PBXContainerItemProxy section */
		6608D0B02799C92600C2B132 /* PBXContainerItemProxy */ = {
			isa = PBXContainerItemProxy;
			containerPortal = 6608D0912799C92500C2B132 /* Project object */;
			proxyType = 1;
			remoteGlobalIDString = 6608D0982799C92500C2B132;
			remoteInfo = firstApp;
		};
		6608D0BA2799C92600C2B132 /* PBXContainerItemProxy */ = {
			isa = PBXContainerItemProxy;
			containerPortal = 6608D0912799C92500C2B132 /* Project object */;
			proxyType = 1;
			remoteGlobalIDString = 6608D0982799C92500C2B132;
			remoteInfo = firstApp;
		};
/* End PBXContainerItemProxy section */

/* Begin PBXFileReference section */
		6608D0992799C92500C2B132 /* firstApp.app */ = {isa = PBXFileReference; explicitFileType = wrapper.application; includeInIndex = 0; path = firstApp.app; sourceTree = BUILT_PRODUCTS_DIR; };
		6608D09C2799C92500C2B132 /* AppDelegate.swift */ = {isa = PBXFileReference; lastKnownFileType = sourcecode.swift; path = AppDelegate.swift; sourceTree = "<group>"; };
		6608D09E2799C92500C2B132 /* SceneDelegate.swift */ = {isa = PBXFileReference; lastKnownFileType = sourcecode.swift; path = SceneDelegate.swift; sourceTree = "<group>"; };
		6608D0A32799C92500C2B132 /* Base */ = {isa = PBXFileReference; lastKnownFileType = file.storyboard; name = Base; path = Base.lproj/Main.storyboard; sourceTree = "<group>"; };
		6608D0A52799C92600C2B132 /* Assets.xcassets */ = {isa = PBXFileReference; lastKnownFileType = folder.assetcatalog; path = Assets.xcassets; sourceTree = "<group>"; };
		6608D0A82799C92600C2B132 /* Base */ = {isa = PBXFileReference; lastKnownFileType = file.storyboard; name = Base; path = Base.lproj/LaunchScreen.storyboard; sourceTree = "<group>"; };
		6608D0AA2799C92600C2B132 /* Info.plist */ = {isa = PBXFileReference; lastKnownFileType = text.plist.xml; path = Info.plist; sourceTree = "<group>"; };
		6608D0AF2799C92600C2B132 /* firstAppTests.xctest */ = {isa = PBXFileReference; explicitFileType = wrapper.cfbundle; includeInIndex = 0; path = firstAppTests.xctest; sourceTree = BUILT_PRODUCTS_DIR; };
		6608D0B32799C92600C2B132 /* firstAppTests.swift */ = {isa = PBXFileReference; lastKnownFileType = sourcecode.swift; path = firstAppTests.swift; sourceTree = "<group>"; };
		6608D0B92799C92600C2B132 /* firstAppUITests.xctest */ = {isa = PBXFileReference; explicitFileType = wrapper.cfbundle; includeInIndex = 0; path = firstAppUITests.xctest; sourceTree = BUILT_PRODUCTS_DIR; };
		6608D0BD2799C92600C2B132 /* firstAppUITests.swift */ = {isa = PBXFileReference; lastKnownFileType = sourcecode.swift; path = firstAppUITests.swift; sourceTree = "<group>"; };
		6608D0BF2799C92600C2B132 /* firstAppUITestsLaunchTests.swift */ = {isa = PBXFileReference; lastKnownFileType = sourcecode.swift; path = firstAppUITestsLaunchTests.swift; sourceTree = "<group>"; };
		6608D0CC279B013000C2B132 /* ControlsViewController.swift */ = {isa = PBXFileReference; lastKnownFileType = sourcecode.swift; path = ControlsViewController.swift; sourceTree = "<group>"; };
		66B0D42427A18CE600155492 /* ResponderViewController.swift */ = {isa = PBXFileReference; lastKnownFileType = sourcecode.swift; path = ResponderViewController.swift; sourceTree = "<group>"; };
		66B0D42627A1A2C900155492 /* SimpleTableViewController.swift */ = {isa = PBXFileReference; lastKnownFileType = sourcecode.swift; path = SimpleTableViewController.swift; sourceTree = "<group>"; };
/* End PBXFileReference section */

/* Begin PBXFrameworksBuildPhase section */
		6608D0962799C92500C2B132 /* Frameworks */ = {
			isa = PBXFrameworksBuildPhase;
			buildActionMask = 2147483647;
			files = (
			);
			runOnlyForDeploymentPostprocessing = 0;
		};
		6608D0AC2799C92600C2B132 /* Frameworks */ = {
			isa = PBXFrameworksBuildPhase;
			buildActionMask = 2147483647;
			files = (
			);
			runOnlyForDeploymentPostprocessing = 0;
		};
		6608D0B62799C92600C2B132 /* Frameworks */ = {
			isa = PBXFrameworksBuildPhase;
			buildActionMask = 2147483647;
			files = (
			);
			runOnlyForDeploymentPostprocessing = 0;
		};
/* End PBXFrameworksBuildPhase section */

/* Begin PBXGroup section */
		6608D0902799C92500C2B132 = {
			isa = PBXGroup;
			children = (
				6608D09B2799C92500C2B132 /* firstApp */,
				6608D0B22799C92600C2B132 /* firstAppTests */,
				6608D0BC2799C92600C2B132 /* firstAppUITests */,
				6608D09A2799C92500C2B132 /* Products */,
			);
			sourceTree = "<group>";
		};
		6608D09A2799C92500C2B132 /* Products */ = {
			isa = PBXGroup;
			children = (
				6608D0992799C92500C2B132 /* firstApp.app */,
				6608D0AF2799C92600C2B132 /* firstAppTests.xctest */,
				6608D0B92799C92600C2B132 /* firstAppUITests.xctest */,
			);
			name = Products;
			sourceTree = "<group>";
		};
		6608D09B2799C92500C2B132 /* firstApp */ = {
			isa = PBXGroup;
			children = (
				6608D09C2799C92500C2B132 /* AppDelegate.swift */,
				6608D09E2799C92500C2B132 /* SceneDelegate.swift */,
				6608D0A22799C92500C2B132 /* Main.storyboard */,
				6608D0A52799C92600C2B132 /* Assets.xcassets */,
				6608D0A72799C92600C2B132 /* LaunchScreen.storyboard */,
				6608D0AA2799C92600C2B132 /* Info.plist */,
				6608D0CC279B013000C2B132 /* ControlsViewController.swift */,
				66B0D42427A18CE600155492 /* ResponderViewController.swift */,
				66B0D42627A1A2C900155492 /* SimpleTableViewController.swift */,
			);
			path = firstApp;
			sourceTree = "<group>";
		};
		6608D0B22799C92600C2B132 /* firstAppTests */ = {
			isa = PBXGroup;
			children = (
				6608D0B32799C92600C2B132 /* firstAppTests.swift */,
			);
			path = firstAppTests;
			sourceTree = "<group>";
		};
		6608D0BC2799C92600C2B132 /* firstAppUITests */ = {
			isa = PBXGroup;
			children = (
				6608D0BD2799C92600C2B132 /* firstAppUITests.swift */,
				6608D0BF2799C92600C2B132 /* firstAppUITestsLaunchTests.swift */,
			);
			path = firstAppUITests;
			sourceTree = "<group>";
		};
/* End PBXGroup section */

/* Begin PBXNativeTarget section */
		6608D0982799C92500C2B132 /* firstApp */ = {
			isa = PBXNativeTarget;
			buildConfigurationList = 6608D0C32799C92600C2B132 /* Build configuration list for PBXNativeTarget "firstApp" */;
			buildPhases = (
				6608D0952799C92500C2B132 /* Sources */,
				6608D0962799C92500C2B132 /* Frameworks */,
				6608D0972799C92500C2B132 /* Resources */,
			);
			buildRules = (
			);
			dependencies = (
			);
			name = firstApp;
			productName = firstApp;
			productReference = 6608D0992799C92500C2B132 /* firstApp.app */;
			productType = "com.apple.product-type.application";
		};
		6608D0AE2799C92600C2B132 /* firstAppTests */ = {
			isa = PBXNativeTarget;
			buildConfigurationList = 6608D0C62799C92600C2B132 /* Build configuration list for PBXNativeTarget "firstAppTests" */;
			buildPhases = (
				6608D0AB2799C92600C2B132 /* Sources */,
				6608D0AC2799C92600C2B132 /* Frameworks */,
				6608D0AD2799C92600C2B132 /* Resources */,
			);
			buildRules = (
			);
			dependencies = (
				6608D0B12799C92600C2B132 /* PBXTargetDependency */,
			);
			name = firstAppTests;
			productName = firstAppTests;
			productReference = 6608D0AF2799C92600C2B132 /* firstAppTests.xctest */;
			productType = "com.apple.product-type.bundle.unit-test";
		};
		6608D0B82799C92600C2B132 /* firstAppUITests */ = {
			isa = PBXNativeTarget;
			buildConfigurationList = 6608D0C92799C92600C2B132 /* Build configuration list for PBXNativeTarget "firstAppUITests" */;
			buildPhases = (
				6608D0B52799C92600C2B132 /* Sources */,
				6608D0B62799C92600C2B132 /* Frameworks */,
				6608D0B72799C92600C2B132 /* Resources */,
			);
			buildRules = (
			);
			dependencies = (
				6608D0BB2799C92600C2B132 /* PBXTargetDependency */,
			);
			name = firstAppUITests;
			productName = firstAppUITests;
			productReference = 6608D0B92799C92600C2B132 /* firstAppUITests.xctest */;
			productType = "com.apple.product-type.bundle.ui-testing";
		};
/* End PBXNativeTarget section */

/* Begin PBXProject section */
		6608D0912799C92500C2B132 /* Project object */ = {
			isa = PBXProject;
			attributes = {
				BuildIndependentTargetsInParallel = 1;
				LastSwiftUpdateCheck = 1320;
				LastUpgradeCheck = 1320;
				TargetAttributes = {
					6608D0982799C92500C2B132 = {
						CreatedOnToolsVersion = 13.2.1;
					};
					6608D0AE2799C92600C2B132 = {
						CreatedOnToolsVersion = 13.2.1;
						TestTargetID = 6608D0982799C92500C2B132;
					};
					6608D0B82799C92600C2B132 = {
						CreatedOnToolsVersion = 13.2.1;
						TestTargetID = 6608D0982799C92500C2B132;
					};
				};
			};
			buildConfigurationList = 6608D0942799C92500C2B132 /* Build configuration list for PBXProject "firstApp" */;
			compatibilityVersion = "Xcode 13.0";
			developmentRegion = en;
			hasScannedForEncodings = 0;
			knownRegions = (
				en,
				Base,
			);
			mainGroup = 6608D0902799C92500C2B132;
			productRefGroup = 6608D09A2799C92500C2B132 /* Products */;
			projectDirPath = "";
			projectRoot = "";
			targets = (
				6608D0982799C92500C2B132 /* firstApp */,
				6608D0AE2799C92600C2B132 /* firstAppTests */,
				6608D0B82799C92600C2B132 /* firstAppUITests */,
			);
		};
/* End PBXProject section */

/* Begin PBXResourcesBuildPhase section */
		6608D0972799C92500C2B132 /* Resources */ = {
			isa = PBXResourcesBuildPhase;
			buildActionMask = 2147483647;
			files = (
				6608D0A92799C92600C2B132 /* LaunchScreen.storyboard in Resources */,
				6608D0A62799C92600C2B132 /* Assets.xcassets in Resources */,
				6608D0A42799C92500C2B132 /* Main.storyboard in Resources */,
			);
			runOnlyForDeploymentPostprocessing = 0;
		};
		6608D0AD2799C92600C2B132 /* Resources */ = {
			isa = PBXResourcesBuildPhase;
			buildActionMask = 2147483647;
			files = (
			);
			runOnlyForDeploymentPostprocessing = 0;
		};
		6608D0B72799C92600C2B132 /* Resources */ = {
			isa = PBXResourcesBuildPhase;
			buildActionMask = 2147483647;
			files = (
			);
			runOnlyForDeploymentPostprocessing = 0;
		};
/* End PBXResourcesBuildPhase section */

/* Begin PBXSourcesBuildPhase section */
		6608D0952799C92500C2B132 /* Sources */ = {
			isa = PBXSourcesBuildPhase;
			buildActionMask = 2147483647;
			files = (
				6608D09D2799C92500C2B132 /* AppDelegate.swift in Sources */,
				66B0D42527A18CE600155492 /* ResponderViewController.swift in Sources */,
				66B0D42727A1A2C900155492 /* SimpleTableViewController.swift in Sources */,
				6608D09F2799C92500C2B132 /* SceneDelegate.swift in Sources */,
				6608D0CD279B013000C2B132 /* ControlsViewController.swift in Sources */,
			);
			runOnlyForDeploymentPostprocessing = 0;
		};
		6608D0AB2799C92600C2B132 /* Sources */ = {
			isa = PBXSourcesBuildPhase;
			buildActionMask = 2147483647;
			files = (
				6608D0B42799C92600C2B132 /* firstAppTests.swift in Sources */,
			);
			runOnlyForDeploymentPostprocessing = 0;
		};
		6608D0B52799C92600C2B132 /* Sources */ = {
			isa = PBXSourcesBuildPhase;
			buildActionMask = 2147483647;
			files = (
				6608D0C02799C92600C2B132 /* firstAppUITestsLaunchTests.swift in Sources */,
				6608D0BE2799C92600C2B132 /* firstAppUITests.swift in Sources */,
			);
			runOnlyForDeploymentPostprocessing = 0;
		};
/* End PBXSourcesBuildPhase section */

/* Begin PBXTargetDependency section */
		6608D0B12799C92600C2B132 /* PBXTargetDependency */ = {
			isa = PBXTargetDependency;
			target = 6608D0982799C92500C2B132 /* firstApp */;
			targetProxy = 6608D0B02799C92600C2B132 /* PBXContainerItemProxy */;
		};
		6608D0BB2799C92600C2B132 /* PBXTargetDependency */ = {
			isa = PBXTargetDependency;
			target = 6608D0982799C92500C2B132 /* firstApp */;
			targetProxy = 6608D0BA2799C92600C2B132 /* PBXContainerItemProxy */;
		};
/* End PBXTargetDependency section */

/* Begin PBXVariantGroup section */
		6608D0A22799C92500C2B132 /* Main.storyboard */ = {
			isa = PBXVariantGroup;
			children = (
				6608D0A32799C92500C2B132 /* Base */,
			);
			name = Main.storyboard;
			sourceTree = "<group>";
		};
		6608D0A72799C92600C2B132 /* LaunchScreen.storyboard */ = {
			isa = PBXVariantGroup;
			children = (
				6608D0A82799C92600C2B132 /* Base */,
			);
			name = LaunchScreen.storyboard;
			sourceTree = "<group>";
		};
/* End PBXVariantGroup section */

/* Begin XCBuildConfiguration section */
		6608D0C12799C92600C2B132 /* Debug */ = {
			isa = XCBuildConfiguration;
			buildSettings = {
				ALWAYS_SEARCH_USER_PATHS = NO;
				CLANG_ANALYZER_NONNULL = YES;
				CLANG_ANALYZER_NUMBER_OBJECT_CONVERSION = YES_AGGRESSIVE;
				CLANG_CXX_LANGUAGE_STANDARD = "gnu++17";
				CLANG_CXX_LIBRARY = "libc++";
				CLANG_ENABLE_MODULES = YES;
				CLANG_ENABLE_OBJC_ARC = YES;
				CLANG_ENABLE_OBJC_WEAK = YES;
				CLANG_WARN_BLOCK_CAPTURE_AUTORELEASING = YES;
				CLANG_WARN_BOOL_CONVERSION = YES;
				CLANG_WARN_COMMA = YES;
				CLANG_WARN_CONSTANT_CONVERSION = YES;
				CLANG_WARN_DEPRECATED_OBJC_IMPLEMENTATIONS = YES;
				CLANG_WARN_DIRECT_OBJC_ISA_USAGE = YES_ERROR;
				CLANG_WARN_DOCUMENTATION_COMMENTS = YES;
				CLANG_WARN_EMPTY_BODY = YES;
				CLANG_WARN_ENUM_CONVERSION = YES;
				CLANG_WARN_INFINITE_RECURSION = YES;
				CLANG_WARN_INT_CONVERSION = YES;
				CLANG_WARN_NON_LITERAL_NULL_CONVERSION = YES;
				CLANG_WARN_OBJC_IMPLICIT_RETAIN_SELF = YES;
				CLANG_WARN_OBJC_LITERAL_CONVERSION = YES;
				CLANG_WARN_OBJC_ROOT_CLASS = YES_ERROR;
				CLANG_WARN_QUOTED_INCLUDE_IN_FRAMEWORK_HEADER = YES;
				CLANG_WARN_RANGE_LOOP_ANALYSIS = YES;
				CLANG_WARN_STRICT_PROTOTYPES = YES;
				CLANG_WARN_SUSPICIOUS_MOVE = YES;
				CLANG_WARN_UNGUARDED_AVAILABILITY = YES_AGGRESSIVE;
				CLANG_WARN_UNREACHABLE_CODE = YES;
				CLANG_WARN__DUPLICATE_METHOD_MATCH = YES;
				COPY_PHASE_STRIP = NO;
				DEBUG_INFORMATION_FORMAT = dwarf;
				ENABLE_STRICT_OBJC_MSGSEND = YES;
				ENABLE_TESTABILITY = YES;
				GCC_C_LANGUAGE_STANDARD = gnu11;
				GCC_DYNAMIC_NO_PIC = NO;
				GCC_NO_COMMON_BLOCKS = YES;
				GCC_OPTIMIZATION_LEVEL = 0;
				GCC_PREPROCESSOR_DEFINITIONS = (
					"DEBUG=1",
					"$(inherited)",
				);
				GCC_WARN_64_TO_32_BIT_CONVERSION = YES;
				GCC_WARN_ABOUT_RETURN_TYPE = YES_ERROR;
				GCC_WARN_UNDECLARED_SELECTOR = YES;
				GCC_WARN_UNINITIALIZED_AUTOS = YES_AGGRESSIVE;
				GCC_WARN_UNUSED_FUNCTION = YES;
				GCC_WARN_UNUSED_VARIABLE = YES;
				IPHONEOS_DEPLOYMENT_TARGET = 15.2;
				MTL_ENABLE_DEBUG_INFO = INCLUDE_SOURCE;
				MTL_FAST_MATH = YES;
				ONLY_ACTIVE_ARCH = YES;
				SDKROOT = iphoneos;
				SWIFT_ACTIVE_COMPILATION_CONDITIONS = DEBUG;
				SWIFT_OPTIMIZATION_LEVEL = "-Onone";
			};
			name = Debug;
		};
		6608D0C22799C92600C2B132 /* Release */ = {
			isa = XCBuildConfiguration;
			buildSettings = {
				ALWAYS_SEARCH_USER_PATHS = NO;
				CLANG_ANALYZER_NONNULL = YES;
				CLANG_ANALYZER_NUMBER_OBJECT_CONVERSION = YES_AGGRESSIVE;
				CLANG_CXX_LANGUAGE_STANDARD = "gnu++17";
				CLANG_CXX_LIBRARY = "libc++";
				CLANG_ENABLE_MODULES = YES;
				CLANG_ENABLE_OBJC_ARC = YES;
				CLANG_ENABLE_OBJC_WEAK = YES;
				CLANG_WARN_BLOCK_CAPTURE_AUTORELEASING = YES;
				CLANG_WARN_BOOL_CONVERSION = YES;
				CLANG_WARN_COMMA = YES;
				CLANG_WARN_CONSTANT_CONVERSION = YES;
				CLANG_WARN_DEPRECATED_OBJC_IMPLEMENTATIONS = YES;
				CLANG_WARN_DIRECT_OBJC_ISA_USAGE = YES_ERROR;
				CLANG_WARN_DOCUMENTATION_COMMENTS = YES;
				CLANG_WARN_EMPTY_BODY = YES;
				CLANG_WARN_ENUM_CONVERSION = YES;
				CLANG_WARN_INFINITE_RECURSION = YES;
				CLANG_WARN_INT_CONVERSION = YES;
				CLANG_WARN_NON_LITERAL_NULL_CONVERSION = YES;
				CLANG_WARN_OBJC_IMPLICIT_RETAIN_SELF = YES;
				CLANG_WARN_OBJC_LITERAL_CONVERSION = YES;
				CLANG_WARN_OBJC_ROOT_CLASS = YES_ERROR;
				CLANG_WARN_QUOTED_INCLUDE_IN_FRAMEWORK_HEADER = YES;
				CLANG_WARN_RANGE_LOOP_ANALYSIS = YES;
				CLANG_WARN_STRICT_PROTOTYPES = YES;
				CLANG_WARN_SUSPICIOUS_MOVE = YES;
				CLANG_WARN_UNGUARDED_AVAILABILITY = YES_AGGRESSIVE;
				CLANG_WARN_UNREACHABLE_CODE = YES;
				CLANG_WARN__DUPLICATE_METHOD_MATCH = YES;
				COPY_PHASE_STRIP = NO;
				DEBUG_INFORMATION_FORMAT = "dwarf-with-dsym";
				ENABLE_NS_ASSERTIONS = NO;
				ENABLE_STRICT_OBJC_MSGSEND = YES;
				GCC_C_LANGUAGE_STANDARD = gnu11;
				GCC_NO_COMMON_BLOCKS = YES;
				GCC_WARN_64_TO_32_BIT_CONVERSION = YES;
				GCC_WARN_ABOUT_RETURN_TYPE = YES_ERROR;
				GCC_WARN_UNDECLARED_SELECTOR = YES;
				GCC_WARN_UNINITIALIZED_AUTOS = YES_AGGRESSIVE;
				GCC_WARN_UNUSED_FUNCTION = YES;
				GCC_WARN_UNUSED_VARIABLE = YES;
				IPHONEOS_DEPLOYMENT_TARGET = 15.2;
				MTL_ENABLE_DEBUG_INFO = NO;
				MTL_FAST_MATH = YES;
				SDKROOT = iphoneos;
				SWIFT_COMPILATION_MODE = wholemodule;
				SWIFT_OPTIMIZATION_LEVEL = "-O";
				VALIDATE_PRODUCT = YES;
			};
			name = Release;
		};
		6608D0C42799C92600C2B132 /* Debug */ = {
			isa = XCBuildConfiguration;
			buildSettings = {
				ASSETCATALOG_COMPILER_APPICON_NAME = AppIcon;
				ASSETCATALOG_COMPILER_GLOBAL_ACCENT_COLOR_NAME = AccentColor;
				CODE_SIGN_STYLE = Automatic;
				CURRENT_PROJECT_VERSION = 1;
				DEVELOPMENT_TEAM = JA99D36A2G;
				GENERATE_INFOPLIST_FILE = YES;
				INFOPLIST_FILE = firstApp/Info.plist;
				INFOPLIST_KEY_UIApplicationSupportsIndirectInputEvents = YES;
				INFOPLIST_KEY_UILaunchStoryboardName = LaunchScreen;
				INFOPLIST_KEY_UIMainStoryboardFile = Main;
				INFOPLIST_KEY_UISupportedInterfaceOrientations_iPad = "UIInterfaceOrientationPortrait UIInterfaceOrientationPortraitUpsideDown UIInterfaceOrientationLandscapeLeft UIInterfaceOrientationLandscapeRight";
				INFOPLIST_KEY_UISupportedInterfaceOrientations_iPhone = "UIInterfaceOrientationPortrait UIInterfaceOrientationLandscapeLeft UIInterfaceOrientationLandscapeRight";
				LD_RUNPATH_SEARCH_PATHS = (
					"$(inherited)",
					"@executable_path/Frameworks",
				);
				MARKETING_VERSION = 1.0;
				PRODUCT_BUNDLE_IDENTIFIER = dev.AdamRoberts.firstApp;
				PRODUCT_NAME = "$(TARGET_NAME)";
				SWIFT_EMIT_LOC_STRINGS = YES;
				SWIFT_VERSION = 5.0;
				TARGETED_DEVICE_FAMILY = "1,2";
			};
			name = Debug;
		};
		6608D0C52799C92600C2B132 /* Release */ = {
			isa = XCBuildConfiguration;
			buildSettings = {
				ASSETCATALOG_COMPILER_APPICON_NAME = AppIcon;
				ASSETCATALOG_COMPILER_GLOBAL_ACCENT_COLOR_NAME = AccentColor;
				CODE_SIGN_STYLE = Automatic;
				CURRENT_PROJECT_VERSION = 1;
				DEVELOPMENT_TEAM = JA99D36A2G;
				GENERATE_INFOPLIST_FILE = YES;
				INFOPLIST_FILE = firstApp/Info.plist;
				INFOPLIST_KEY_UIApplicationSupportsIndirectInputEvents = YES;
				INFOPLIST_KEY_UILaunchStoryboardName = LaunchScreen;
				INFOPLIST_KEY_UIMainStoryboardFile = Main;
				INFOPLIST_KEY_UISupportedInterfaceOrientations_iPad = "UIInterfaceOrientationPortrait UIInterfaceOrientationPortraitUpsideDown UIInterfaceOrientationLandscapeLeft UIInterfaceOrientationLandscapeRight";
				INFOPLIST_KEY_UISupportedInterfaceOrientations_iPhone = "UIInterfaceOrientationPortrait UIInterfaceOrientationLandscapeLeft UIInterfaceOrientationLandscapeRight";
				LD_RUNPATH_SEARCH_PATHS = (
					"$(inherited)",
					"@executable_path/Frameworks",
				);
				MARKETING_VERSION = 1.0;
				PRODUCT_BUNDLE_IDENTIFIER = dev.AdamRoberts.firstApp;
				PRODUCT_NAME = "$(TARGET_NAME)";
				SWIFT_EMIT_LOC_STRINGS = YES;
				SWIFT_VERSION = 5.0;
				TARGETED_DEVICE_FAMILY = "1,2";
			};
			name = Release;
		};
		6608D0C72799C92600C2B132 /* Debug */ = {
			isa = XCBuildConfiguration;
			buildSettings = {
				ALWAYS_EMBED_SWIFT_STANDARD_LIBRARIES = YES;
				BUNDLE_LOADER = "$(TEST_HOST)";
				CODE_SIGN_STYLE = Automatic;
				CURRENT_PROJECT_VERSION = 1;
				DEVELOPMENT_TEAM = JA99D36A2G;
				GENERATE_INFOPLIST_FILE = YES;
				IPHONEOS_DEPLOYMENT_TARGET = 15.2;
				MARKETING_VERSION = 1.0;
				PRODUCT_BUNDLE_IDENTIFIER = dev.AdamRoberts.firstAppTests;
				PRODUCT_NAME = "$(TARGET_NAME)";
				SWIFT_EMIT_LOC_STRINGS = NO;
				SWIFT_VERSION = 5.0;
				TARGETED_DEVICE_FAMILY = "1,2";
				TEST_HOST = "$(BUILT_PRODUCTS_DIR)/firstApp.app/firstApp";
			};
			name = Debug;
		};
		6608D0C82799C92600C2B132 /* Release */ = {
			isa = XCBuildConfiguration;
			buildSettings = {
				ALWAYS_EMBED_SWIFT_STANDARD_LIBRARIES = YES;
				BUNDLE_LOADER = "$(TEST_HOST)";
				CODE_SIGN_STYLE = Automatic;
				CURRENT_PROJECT_VERSION = 1;
				DEVELOPMENT_TEAM = JA99D36A2G;
				GENERATE_INFOPLIST_FILE = YES;
				IPHONEOS_DEPLOYMENT_TARGET = 15.2;
				MARKETING_VERSION = 1.0;
				PRODUCT_BUNDLE_IDENTIFIER = dev.AdamRoberts.firstAppTests;
				PRODUCT_NAME = "$(TARGET_NAME)";
				SWIFT_EMIT_LOC_STRINGS = NO;
				SWIFT_VERSION = 5.0;
				TARGETED_DEVICE_FAMILY = "1,2";
				TEST_HOST = "$(BUILT_PRODUCTS_DIR)/firstApp.app/firstApp";
			};
			name = Release;
		};
		6608D0CA2799C92600C2B132 /* Debug */ = {
			isa = XCBuildConfiguration;
			buildSettings = {
				ALWAYS_EMBED_SWIFT_STANDARD_LIBRARIES = YES;
				CODE_SIGN_STYLE = Automatic;
				CURRENT_PROJECT_VERSION = 1;
				DEVELOPMENT_TEAM = JA99D36A2G;
				GENERATE_INFOPLIST_FILE = YES;
				MARKETING_VERSION = 1.0;
				PRODUCT_BUNDLE_IDENTIFIER = dev.AdamRoberts.firstAppUITests;
				PRODUCT_NAME = "$(TARGET_NAME)";
				SWIFT_EMIT_LOC_STRINGS = NO;
				SWIFT_VERSION = 5.0;
				TARGETED_DEVICE_FAMILY = "1,2";
				TEST_TARGET_NAME = firstApp;
			};
			name = Debug;
		};
		6608D0CB2799C92600C2B132 /* Release */ = {
			isa = XCBuildConfiguration;
			buildSettings = {
				ALWAYS_EMBED_SWIFT_STANDARD_LIBRARIES = YES;
				CODE_SIGN_STYLE = Automatic;
				CURRENT_PROJECT_VERSION = 1;
				DEVELOPMENT_TEAM = JA99D36A2G;
				GENERATE_INFOPLIST_FILE = YES;
				MARKETING_VERSION = 1.0;
				PRODUCT_BUNDLE_IDENTIFIER = dev.AdamRoberts.firstAppUITests;
				PRODUCT_NAME = "$(TARGET_NAME)";
				SWIFT_EMIT_LOC_STRINGS = NO;
				SWIFT_VERSION = 5.0;
				TARGETED_DEVICE_FAMILY = "1,2";
				TEST_TARGET_NAME = firstApp;
			};
			name = Release;
		};
/* End XCBuildConfiguration section */

/* Begin XCConfigurationList section */
		6608D0942799C92500C2B132 /* Build configuration list for PBXProject "firstApp" */ = {
			isa = XCConfigurationList;
			buildConfigurations = (
				6608D0C12799C92600C2B132 /* Debug */,
				6608D0C22799C92600C2B132 /* Release */,
			);
			defaultConfigurationIsVisible = 0;
			defaultConfigurationName = Release;
		};
		6608D0C32799C92600C2B132 /* Build configuration list for PBXNativeTarget "firstApp" */ = {
			isa = XCConfigurationList;
			buildConfigurations = (
				6608D0C42799C92600C2B132 /* Debug */,
				6608D0C52799C92600C2B132 /* Release */,
			);
			defaultConfigurationIsVisible = 0;
			defaultConfigurationName = Release;
		};
		6608D0C62799C92600C2B132 /* Build configuration list for PBXNativeTarget "firstAppTests" */ = {
			isa = XCConfigurationList;
			buildConfigurations = (
				6608D0C72799C92600C2B132 /* Debug */,
				6608D0C82799C92600C2B132 /* Release */,
			);
			defaultConfigurationIsVisible = 0;
			defaultConfigurationName = Release;
		};
		6608D0C92799C92600C2B132 /* Build configuration list for PBXNativeTarget "firstAppUITests" */ = {
			isa = XCConfigurationList;
			buildConfigurations = (
				6608D0CA2799C92600C2B132 /* Debug */,
				6608D0CB2799C92600C2B132 /* Release */,
			);
			defaultConfigurationIsVisible = 0;
			defaultConfigurationName = Release;
		};
/* End XCConfigurationList section */
	};
	rootObject = 6608D0912799C92500C2B132 /* Project object */;
}
